
Microsoft Visual Studio Solution File, Format Version 12.00
# Visual Studio Version 16
VisualStudioVersion = 16.0.32802.440
MinimumVisualStudioVersion = 10.0.40219.1
Project("{9A19103F-16F7-4668-BE54-9A1E7A4F7556}") = "Kampintro", "Kampintro\Kampintro.csproj", "{50C1F7AD-DBE0-40C6-BA4C-5BE77D772E2C}"
EndProject
Project("{9A19103F-16F7-4668-BE54-9A1E7A4F7556}") = "Donguler", "Donguler\Donguler.csproj", "{E1C37406-BA4B-4E41-B872-A5BE94A9BB75}"
EndProject
Project("{9A19103F-16F7-4668-BE54-9A1E7A4F7556}") = "ClassIntroVeri", "ClassIntroVeri\ClassIntroVeri.csproj", "{BBC3D91F-C142-4222-86CC-B72B592B2822}"
EndProject
Project("{9A19103F-16F7-4668-BE54-9A1E7A4F7556}") = "ProjectStudy", "ProjectStudy\ProjectStudy.csproj", "{3FA199A4-B688-4A2A-A056-AA4ADE2006C8}"
EndProject
Project("{9A19103F-16F7-4668-BE54-9A1E7A4F7556}") = "Metotlar", "Metotlar\Metotlar.csproj", "{2A77460C-6F20-42BC-9802-0ABDA11FE1E9}"
EndProject
Project("{9A19103F-16F7-4668-BE54-9A1E7A4F7556}") = "Matematik", "Matematik\Matematik.csproj", "{C1EACA2C-A57D-4949-BE62-5D0EF3FCD698}"
EndProject
Project("{9A19103F-16F7-4668-BE54-9A1E7A4F7556}") = "DegerVeReferansTipler", "DegerVeReferansTipler\DegerVeReferansTipler.csproj", "{8B6B1978-099D-475A-B19E-BDDE9FCC48E0}"
EndProject
Project("{9A19103F-16F7-4668-BE54-9A1E7A4F7556}") = "OOP1", "OOP1\OOP1.csproj", "{A97B9C41-B645-4CBE-9B56-B748C3189CA3}"
EndProject
Project("{9A19103F-16F7-4668-BE54-9A1E7A4F7556}") = "ClassMetotDemo", "ClassMetotDemo\ClassMetotDemo.csproj", "{B3268D9D-13E0-4A9F-9B9B-C9C28F60EF8E}"
EndProject
Project("{9A19103F-16F7-4668-BE54-9A1E7A4F7556}") = "Collection", "Collection\Collection.csproj", "{A5440D2E-0F1A-43C5-B187-B7B6D8FA7548}"
EndProject
Project("{9A19103F-16F7-4668-BE54-9A1E7A4F7556}") = "GenericsIntro", "GenericsIntro\GenericsIntro.csproj", "{BF834876-1776-4308-906F-AA6D13FC3CFE}"
EndProject
Project("{FAE04EC0-301F-11D3-BF4B-00C04F79EFBC}") = "DenemeOdev", "Deneme\DenemeOdev.csproj", "{6FCFFEF2-F3A8-4CBC-9808-E9BDB72C155E}"
EndProject
Project("{FAE04EC0-301F-11D3-BF4B-00C04F79EFBC}") = "ConstructorOdev", "ConstructorOdev\ConstructorOdev.csproj", "{C55803CE-EBFF-4858-A137-1C833285101D}"
EndProject
Global
	GlobalSection(SolutionConfigurationPlatforms) = preSolution
		Debug|Any CPU = Debug|Any CPU
		Release|Any CPU = Release|Any CPU
	EndGlobalSection
	GlobalSection(ProjectConfigurationPlatforms) = postSolution
		{50C1F7AD-DBE0-40C6-BA4C-5BE77D772E2C}.Debug|Any CPU.ActiveCfg = Debug|Any CPU
		{50C1F7AD-DBE0-40C6-BA4C-5BE77D772E2C}.Debug|Any CPU.Build.0 = Debug|Any CPU
		{50C1F7AD-DBE0-40C6-BA4C-5BE77D772E2C}.Release|Any CPU.ActiveCfg = Release|Any CPU
		{50C1F7AD-DBE0-40C6-BA4C-5BE77D772E2C}.Release|Any CPU.Build.0 = Release|Any CPU
		{E1C37406-BA4B-4E41-B872-A5BE94A9BB75}.Debug|Any CPU.ActiveCfg = Debug|Any CPU
		{E1C37406-BA4B-4E41-B872-A5BE94A9BB75}.Debug|Any CPU.Build.0 = Debug|Any CPU
		{E1C37406-BA4B-4E41-B872-A5BE94A9BB75}.Release|Any CPU.ActiveCfg = Release|Any CPU
		{E1C37406-BA4B-4E41-B872-A5BE94A9BB75}.Release|Any CPU.Build.0 = Release|Any CPU
		{BBC3D91F-C142-4222-86CC-B72B592B2822}.Debug|Any CPU.ActiveCfg = Debug|Any CPU
		{BBC3D91F-C142-4222-86CC-B72B592B2822}.Debug|Any CPU.Build.0 = Debug|Any CPU
		{BBC3D91F-C142-4222-86CC-B72B592B2822}.Release|Any CPU.ActiveCfg = Release|Any CPU
		{BBC3D91F-C142-4222-86CC-B72B592B2822}.Release|Any CPU.Build.0 = Release|Any CPU
		{3FA199A4-B688-4A2A-A056-AA4ADE2006C8}.Debug|Any CPU.ActiveCfg = Debug|Any CPU
		{3FA199A4-B688-4A2A-A056-AA4ADE2006C8}.Debug|Any CPU.Build.0 = Debug|Any CPU
		{3FA199A4-B688-4A2A-A056-AA4ADE2006C8}.Release|Any CPU.ActiveCfg = Release|Any CPU
		{3FA199A4-B688-4A2A-A056-AA4ADE2006C8}.Release|Any CPU.Build.0 = Release|Any CPU
		{2A77460C-6F20-42BC-9802-0ABDA11FE1E9}.Debug|Any CPU.ActiveCfg = Debug|Any CPU
		{2A77460C-6F20-42BC-9802-0ABDA11FE1E9}.Debug|Any CPU.Build.0 = Debug|Any CPU
		{2A77460C-6F20-42BC-9802-0ABDA11FE1E9}.Release|Any CPU.ActiveCfg = Release|Any CPU
		{2A77460C-6F20-42BC-9802-0ABDA11FE1E9}.Release|Any CPU.Build.0 = Release|Any CPU
		{C1EACA2C-A57D-4949-BE62-5D0EF3FCD698}.Debug|Any CPU.ActiveCfg = Debug|Any CPU
		{C1EACA2C-A57D-4949-BE62-5D0EF3FCD698}.Debug|Any CPU.Build.0 = Debug|Any CPU
		{C1EACA2C-A57D-4949-BE62-5D0EF3FCD698}.Release|Any CPU.ActiveCfg = Release|Any CPU
		{C1EACA2C-A57D-4949-BE62-5D0EF3FCD698}.Release|Any CPU.Build.0 = Release|Any CPU
		{8B6B1978-099D-475A-B19E-BDDE9FCC48E0}.Debug|Any CPU.ActiveCfg = Debug|Any CPU
		{8B6B1978-099D-475A-B19E-BDDE9FCC48E0}.Debug|Any CPU.Build.0 = Debug|Any CPU
		{8B6B1978-099D-475A-B19E-BDDE9FCC48E0}.Release|Any CPU.ActiveCfg = Release|Any CPU
		{8B6B1978-099D-475A-B19E-BDDE9FCC48E0}.Release|Any CPU.Build.0 = Release|Any CPU
		{A97B9C41-B645-4CBE-9B56-B748C3189CA3}.Debug|Any CPU.ActiveCfg = Debug|Any CPU
		{A97B9C41-B645-4CBE-9B56-B748C3189CA3}.Debug|Any CPU.Build.0 = Debug|Any CPU
		{A97B9C41-B645-4CBE-9B56-B748C3189CA3}.Release|Any CPU.ActiveCfg = Release|Any CPU
		{A97B9C41-B645-4CBE-9B56-B748C3189CA3}.Release|Any CPU.Build.0 = Release|Any CPU
		{B3268D9D-13E0-4A9F-9B9B-C9C28F60EF8E}.Debug|Any CPU.ActiveCfg = Debug|Any CPU
		{B3268D9D-13E0-4A9F-9B9B-C9C28F60EF8E}.Debug|Any CPU.Build.0 = Debug|Any CPU
		{B3268D9D-13E0-4A9F-9B9B-C9C28F60EF8E}.Release|Any CPU.ActiveCfg = Release|Any CPU
		{B3268D9D-13E0-4A9F-9B9B-C9C28F60EF8E}.Release|Any CPU.Build.0 = Release|Any CPU
		{A5440D2E-0F1A-43C5-B187-B7B6D8FA7548}.Debug|Any CPU.ActiveCfg = Debug|Any CPU
		{A5440D2E-0F1A-43C5-B187-B7B6D8FA7548}.Debug|Any CPU.Build.0 = Debug|Any CPU
		{A5440D2E-0F1A-43C5-B187-B7B6D8FA7548}.Release|Any CPU.ActiveCfg = Release|Any CPU
		{A5440D2E-0F1A-43C5-B187-B7B6D8FA7548}.Release|Any CPU.Build.0 = Release|Any CPU
		{BF834876-1776-4308-906F-AA6D13FC3CFE}.Debug|Any CPU.ActiveCfg = Debug|Any CPU
		{BF834876-1776-4308-906F-AA6D13FC3CFE}.Debug|Any CPU.Build.0 = Debug|Any CPU
		{BF834876-1776-4308-906F-AA6D13FC3CFE}.Release|Any CPU.ActiveCfg = Release|Any CPU
		{BF834876-1776-4308-906F-AA6D13FC3CFE}.Release|Any CPU.Build.0 = Release|Any CPU
		{6FCFFEF2-F3A8-4CBC-9808-E9BDB72C155E}.Debug|Any CPU.ActiveCfg = Debug|Any CPU
		{6FCFFEF2-F3A8-4CBC-9808-E9BDB72C155E}.Debug|Any CPU.Build.0 = Debug|Any CPU
		{6FCFFEF2-F3A8-4CBC-9808-E9BDB72C155E}.Release|Any CPU.ActiveCfg = Release|Any CPU
		{6FCFFEF2-F3A8-4CBC-9808-E9BDB72C155E}.Release|Any CPU.Build.0 = Release|Any CPU
		{C55803CE-EBFF-4858-A137-1C833285101D}.Debug|Any CPU.ActiveCfg = Debug|Any CPU
		{C55803CE-EBFF-4858-A137-1C833285101D}.Debug|Any CPU.Build.0 = Debug|Any CPU
		{C55803CE-EBFF-4858-A137-1C833285101D}.Release|Any CPU.ActiveCfg = Release|Any CPU
		{C55803CE-EBFF-4858-A137-1C833285101D}.Release|Any CPU.Build.0 = Release|Any CPU
	EndGlobalSection
	GlobalSection(SolutionProperties) = preSolution
		HideSolutionNode = FALSE
	EndGlobalSection
	GlobalSection(ExtensibilityGlobals) = postSolution
		SolutionGuid = {D299C619-5676-4DC0-B69F-4003D105DEED}
	EndGlobalSection
EndGlobal
