
Microsoft Visual Studio Solution File, Format Version 12.00
# Visual Studio Version 16
VisualStudioVersion = 16.0.32802.440
MinimumVisualStudioVersion = 10.0.40219.1
Project("{9A19103F-16F7-4668-BE54-9A1E7A4F7556}") = "Kampintro", "Kampintro\Kampintro.csproj", "{50C1F7AD-DBE0-40C6-BA4C-5BE77D772E2C}"
EndProject
Project("{9A19103F-16F7-4668-BE54-9A1E7A4F7556}") = "Donguler", "Donguler\Donguler.csproj", "{E1C37406-BA4B-4E41-B872-A5BE94A9BB75}"
EndProject
Project("{9A19103F-16F7-4668-BE54-9A1E7A4F7556}") = "ClassIntroVeri", "ClassIntroVeri\ClassIntroVeri.csproj", "{BBC3D91F-C142-4222-86CC-B72B592B2822}"
EndProject
Project("{9A19103F-16F7-4668-BE54-9A1E7A4F7556}") = "ProjectStudy", "ProjectStudy\ProjectStudy.csproj", "{3FA199A4-B688-4A2A-A056-AA4ADE2006C8}"
EndProject
Project("{FAE04EC0-301F-11D3-BF4B-00C04F79EFBC}") = "Metotlar", "Metotlar\Metotlar.csproj", "{2A77460C-6F20-42BC-9802-0ABDA11FE1E9}"
EndProject
Project("{FAE04EC0-301F-11D3-BF4B-00C04F79EFBC}") = "Matematik", "Matematik\Matematik.csproj", "{C1EACA2C-A57D-4949-BE62-5D0EF3FCD698}"
EndProject
Global
	GlobalSection(SolutionConfigurationPlatforms) = preSolution
		Debug|Any CPU = Debug|Any CPU
		Release|Any CPU = Release|Any CPU
	EndGlobalSection
	GlobalSection(ProjectConfigurationPlatforms) = postSolution
		{50C1F7AD-DBE0-40C6-BA4C-5BE77D772E2C}.Debug|Any CPU.ActiveCfg = Debug|Any CPU
		{50C1F7AD-DBE0-40C6-BA4C-5BE77D772E2C}.Debug|Any CPU.Build.0 = Debug|Any CPU
		{50C1F7AD-DBE0-40C6-BA4C-5BE77D772E2C}.Release|Any CPU.ActiveCfg = Release|Any CPU
		{50C1F7AD-DBE0-40C6-BA4C-5BE77D772E2C}.Release|Any CPU.Build.0 = Release|Any CPU
		{E1C37406-BA4B-4E41-B872-A5BE94A9BB75}.Debug|Any CPU.ActiveCfg = Debug|Any CPU
		{E1C37406-BA4B-4E41-B872-A5BE94A9BB75}.Debug|Any CPU.Build.0 = Debug|Any CPU
		{E1C37406-BA4B-4E41-B872-A5BE94A9BB75}.Release|Any CPU.ActiveCfg = Release|Any CPU
		{E1C37406-BA4B-4E41-B872-A5BE94A9BB75}.Release|Any CPU.Build.0 = Release|Any CPU
		{BBC3D91F-C142-4222-86CC-B72B592B2822}.Debug|Any CPU.ActiveCfg = Debug|Any CPU
		{BBC3D91F-C142-4222-86CC-B72B592B2822}.Debug|Any CPU.Build.0 = Debug|Any CPU
		{BBC3D91F-C142-4222-86CC-B72B592B2822}.Release|Any CPU.ActiveCfg = Release|Any CPU
		{BBC3D91F-C142-4222-86CC-B72B592B2822}.Release|Any CPU.Build.0 = Release|Any CPU
		{3FA199A4-B688-4A2A-A056-AA4ADE2006C8}.Debug|Any CPU.ActiveCfg = Debug|Any CPU
		{3FA199A4-B688-4A2A-A056-AA4ADE2006C8}.Debug|Any CPU.Build.0 = Debug|Any CPU
		{3FA199A4-B688-4A2A-A056-AA4ADE2006C8}.Release|Any CPU.ActiveCfg = Release|Any CPU
		{3FA199A4-B688-4A2A-A056-AA4ADE2006C8}.Release|Any CPU.Build.0 = Release|Any CPU
		{2A77460C-6F20-42BC-9802-0ABDA11FE1E9}.Debug|Any CPU.ActiveCfg = Debug|Any CPU
		{2A77460C-6F20-42BC-9802-0ABDA11FE1E9}.Debug|Any CPU.Build.0 = Debug|Any CPU
		{2A77460C-6F20-42BC-9802-0ABDA11FE1E9}.Release|Any CPU.ActiveCfg = Release|Any CPU
		{2A77460C-6F20-42BC-9802-0ABDA11FE1E9}.Release|Any CPU.Build.0 = Release|Any CPU
		{C1EACA2C-A57D-4949-BE62-5D0EF3FCD698}.Debug|Any CPU.ActiveCfg = Debug|Any CPU
		{C1EACA2C-A57D-4949-BE62-5D0EF3FCD698}.Debug|Any CPU.Build.0 = Debug|Any CPU
		{C1EACA2C-A57D-4949-BE62-5D0EF3FCD698}.Release|Any CPU.ActiveCfg = Release|Any CPU
		{C1EACA2C-A57D-4949-BE62-5D0EF3FCD698}.Release|Any CPU.Build.0 = Release|Any CPU
	EndGlobalSection
	GlobalSection(SolutionProperties) = preSolution
		HideSolutionNode = FALSE
	EndGlobalSection
	GlobalSection(ExtensibilityGlobals) = postSolution
		SolutionGuid = {D299C619-5676-4DC0-B69F-4003D105DEED}
	EndGlobalSection
EndGlobal
